# This file is generated by running "yarn install" inside your project.
# Manual changes might be lost - proceed with caution!

__metadata:
  version: 6
  cacheKey: 8

"@grapgrap/design-system@workspace:*, @grapgrap/design-system@workspace:packages/design-system":
  version: 0.0.0-use.local
  resolution: "@grapgrap/design-system@workspace:packages/design-system"
  dependencies:
    "@grapgrap/stitches": "workspace:*"
  languageName: unknown
  linkType: soft

"@grapgrap/domain-component@workspace:packages/domain-component":
  version: 0.0.0-use.local
  resolution: "@grapgrap/domain-component@workspace:packages/domain-component"
  dependencies:
    "@grapgrap/design-system": "workspace:*"
  languageName: unknown
  linkType: soft

"@grapgrap/stitches@workspace:*, @grapgrap/stitches@workspace:packages/stitches":
  version: 0.0.0-use.local
  resolution: "@grapgrap/stitches@workspace:packages/stitches"
  dependencies:
    "@stitches/react": ^1.3.1-1
    typescript: ^4.9.5
  languageName: unknown
  linkType: soft

"@stitches/react@npm:^1.3.1-1":
  version: 1.3.1-1
  resolution: "@stitches/react@npm:1.3.1-1"
  peerDependencies:
    react: ">= 16.3.0"
  checksum: 80d9d8a6305cb4e78157d2fc60c0cd251e45dcc751c78793b8c91b4fd585a1a4235501823dd095c22d59edc928a0bce752dc634f7cb39ad280f1d1bea0e5d25a
  languageName: node
  linkType: hard

"pnp-reproduce@workspace:.":
  version: 0.0.0-use.local
  resolution: "pnp-reproduce@workspace:."
  dependencies:
    typescript: ^4.9.5
  languageName: unknown
  linkType: soft

"typescript@npm:^4.9.5":
  version: 4.9.5
  resolution: "typescript@npm:4.9.5"
  bin:
    tsc: bin/tsc
    tsserver: bin/tsserver
  checksum: ee000bc26848147ad423b581bd250075662a354d84f0e06eb76d3b892328d8d4440b7487b5a83e851b12b255f55d71835b008a66cbf8f255a11e4400159237db
  languageName: node
  linkType: hard

"typescript@patch:typescript@^4.9.5#~builtin<compat/typescript>":
  version: 4.9.5
  resolution: "typescript@patch:typescript@npm%3A4.9.5#~builtin<compat/typescript>::version=4.9.5&hash=23ec76"
  bin:
    tsc: bin/tsc
    tsserver: bin/tsserver
  checksum: ab417a2f398380c90a6cf5a5f74badd17866adf57f1165617d6a551f059c3ba0a3e4da0d147b3ac5681db9ac76a303c5876394b13b3de75fdd5b1eaa06181c9d
  languageName: node
  linkType: hard
